
Microsoft Visual Studio Solution File, Format Version 12.00
# Visual Studio Version 17
VisualStudioVersion = 17.2.32516.85
MinimumVisualStudioVersion = 10.0.40219.1
Project("{9A19103F-16F7-4668-BE54-9A1E7A4F7556}") = "ProductAPI", "ProductAPI\ProductAPI.csproj", "{DC974C62-AD77-41B1-8386-C5CDDB4D3D0C}"
EndProject
Project("{FAE04EC0-301F-11D3-BF4B-00C04F79EFBC}") = "ProductConsole", "ProductConsole\ProductConsole.csproj", "{C03326EE-EE37-45DF-BCF3-8565BE61B66D}"
EndProject
Global
	GlobalSection(SolutionConfigurationPlatforms) = preSolution
		Debug|Any CPU = Debug|Any CPU
		Release|Any CPU = Release|Any CPU
	EndGlobalSection
	GlobalSection(ProjectConfigurationPlatforms) = postSolution
		{DC974C62-AD77-41B1-8386-C5CDDB4D3D0C}.Debug|Any CPU.ActiveCfg = Debug|Any CPU
		{DC974C62-AD77-41B1-8386-C5CDDB4D3D0C}.Debug|Any CPU.Build.0 = Debug|Any CPU
		{DC974C62-AD77-41B1-8386-C5CDDB4D3D0C}.Release|Any CPU.ActiveCfg = Release|Any CPU
		{DC974C62-AD77-41B1-8386-C5CDDB4D3D0C}.Release|Any CPU.Build.0 = Release|Any CPU
		{C03326EE-EE37-45DF-BCF3-8565BE61B66D}.Debug|Any CPU.ActiveCfg = Debug|Any CPU
		{C03326EE-EE37-45DF-BCF3-8565BE61B66D}.Debug|Any CPU.Build.0 = Debug|Any CPU
		{C03326EE-EE37-45DF-BCF3-8565BE61B66D}.Release|Any CPU.ActiveCfg = Release|Any CPU
		{C03326EE-EE37-45DF-BCF3-8565BE61B66D}.Release|Any CPU.Build.0 = Release|Any CPU
	EndGlobalSection
	GlobalSection(SolutionProperties) = preSolution
		HideSolutionNode = FALSE
	EndGlobalSection
	GlobalSection(ExtensibilityGlobals) = postSolution
		SolutionGuid = {03610218-951A-40AA-A9AA-15C2DC1D2BA2}
	EndGlobalSection
EndGlobal
